
Microsoft Visual Studio Solution File, Format Version 12.00
# Visual Studio Version 17
VisualStudioVersion = 17.1.32421.90
MinimumVisualStudioVersion = 10.0.40219.1
Project("{9A19103F-16F7-4668-BE54-9A1E7A4F7556}") = "BlazorApp1.Server", "BlazorApp1\Server\BlazorApp1.Server.csproj", "{2952C0D4-4A0C-45A7-8A4A-D384C88D8281}"
EndProject
Project("{9A19103F-16F7-4668-BE54-9A1E7A4F7556}") = "BlazorApp1.Client", "BlazorApp1\Client\BlazorApp1.Client.csproj", "{179C6F6E-4584-48CE-B124-750B365180D1}"
EndProject
Project("{9A19103F-16F7-4668-BE54-9A1E7A4F7556}") = "BlazorApp1.Shared", "BlazorApp1\Shared\BlazorApp1.Shared.csproj", "{3149E977-CA19-4BCA-B673-1E1E6623CC0E}"
EndProject
Global
	GlobalSection(SolutionConfigurationPlatforms) = preSolution
		Debug|Any CPU = Debug|Any CPU
		Release|Any CPU = Release|Any CPU
	EndGlobalSection
	GlobalSection(ProjectConfigurationPlatforms) = postSolution
		{2952C0D4-4A0C-45A7-8A4A-D384C88D8281}.Debug|Any CPU.ActiveCfg = Debug|Any CPU
		{2952C0D4-4A0C-45A7-8A4A-D384C88D8281}.Debug|Any CPU.Build.0 = Debug|Any CPU
		{2952C0D4-4A0C-45A7-8A4A-D384C88D8281}.Release|Any CPU.ActiveCfg = Release|Any CPU
		{2952C0D4-4A0C-45A7-8A4A-D384C88D8281}.Release|Any CPU.Build.0 = Release|Any CPU
		{179C6F6E-4584-48CE-B124-750B365180D1}.Debug|Any CPU.ActiveCfg = Debug|Any CPU
		{179C6F6E-4584-48CE-B124-750B365180D1}.Debug|Any CPU.Build.0 = Debug|Any CPU
		{179C6F6E-4584-48CE-B124-750B365180D1}.Release|Any CPU.ActiveCfg = Release|Any CPU
		{179C6F6E-4584-48CE-B124-750B365180D1}.Release|Any CPU.Build.0 = Release|Any CPU
		{3149E977-CA19-4BCA-B673-1E1E6623CC0E}.Debug|Any CPU.ActiveCfg = Debug|Any CPU
		{3149E977-CA19-4BCA-B673-1E1E6623CC0E}.Debug|Any CPU.Build.0 = Debug|Any CPU
		{3149E977-CA19-4BCA-B673-1E1E6623CC0E}.Release|Any CPU.ActiveCfg = Release|Any CPU
		{3149E977-CA19-4BCA-B673-1E1E6623CC0E}.Release|Any CPU.Build.0 = Release|Any CPU
	EndGlobalSection
	GlobalSection(SolutionProperties) = preSolution
		HideSolutionNode = FALSE
	EndGlobalSection
	GlobalSection(ExtensibilityGlobals) = postSolution
		SolutionGuid = {3744E7B1-DCE5-4132-98A8-C06C77E60CD8}
	EndGlobalSection
EndGlobal
